
Microsoft Visual Studio Solution File, Format Version 12.00
# Visual Studio 14
VisualStudioVersion = 14.0.25420.1
MinimumVisualStudioVersion = 10.0.40219.1
Project("{8BC9CEB8-8B4A-11D0-8D11-00A0C91BC942}") = "SandBoxGame", "SandBoxGame\SandBoxGame.vcxproj", "{51CDD7DF-6FE7-4C25-8898-8D08BEE13F80}"
	ProjectSection(ProjectDependencies) = postProject
		{6A23F7AD-C284-4B21-A597-4291652BDFB3} = {6A23F7AD-C284-4B21-A597-4291652BDFB3}
	EndProjectSection
EndProject
Project("{8BC9CEB8-8B4A-11D0-8D11-00A0C91BC942}") = "Engine", "..\Engine\Engine\Engine.vcxproj", "{6A23F7AD-C284-4B21-A597-4291652BDFB3}"
EndProject
Project("{8BC9CEB8-8B4A-11D0-8D11-00A0C91BC942}") = "EngineTester", "..\EngineTester\EngineTester.vcxproj", "{95637417-3256-48F0-9A3C-588B1190FAE5}"
EndProject
Global
	GlobalSection(SolutionConfigurationPlatforms) = preSolution
		Debug|x64 = Debug|x64
		Debug|x86 = Debug|x86
		Release|x64 = Release|x64
		Release|x86 = Release|x86
	EndGlobalSection
	GlobalSection(ProjectConfigurationPlatforms) = postSolution
		{51CDD7DF-6FE7-4C25-8898-8D08BEE13F80}.Debug|x64.ActiveCfg = Debug|x64
		{51CDD7DF-6FE7-4C25-8898-8D08BEE13F80}.Debug|x64.Build.0 = Debug|x64
		{51CDD7DF-6FE7-4C25-8898-8D08BEE13F80}.Debug|x86.ActiveCfg = Debug|Win32
		{51CDD7DF-6FE7-4C25-8898-8D08BEE13F80}.Debug|x86.Build.0 = Debug|Win32
		{51CDD7DF-6FE7-4C25-8898-8D08BEE13F80}.Release|x64.ActiveCfg = Release|x64
		{51CDD7DF-6FE7-4C25-8898-8D08BEE13F80}.Release|x64.Build.0 = Release|x64
		{51CDD7DF-6FE7-4C25-8898-8D08BEE13F80}.Release|x86.ActiveCfg = Release|Win32
		{51CDD7DF-6FE7-4C25-8898-8D08BEE13F80}.Release|x86.Build.0 = Release|Win32
		{6A23F7AD-C284-4B21-A597-4291652BDFB3}.Debug|x64.ActiveCfg = Debug|x64
		{6A23F7AD-C284-4B21-A597-4291652BDFB3}.Debug|x64.Build.0 = Debug|x64
		{6A23F7AD-C284-4B21-A597-4291652BDFB3}.Debug|x86.ActiveCfg = Debug|Win32
		{6A23F7AD-C284-4B21-A597-4291652BDFB3}.Debug|x86.Build.0 = Debug|Win32
		{6A23F7AD-C284-4B21-A597-4291652BDFB3}.Release|x64.ActiveCfg = Release|x64
		{6A23F7AD-C284-4B21-A597-4291652BDFB3}.Release|x64.Build.0 = Release|x64
		{6A23F7AD-C284-4B21-A597-4291652BDFB3}.Release|x86.ActiveCfg = Release|Win32
		{6A23F7AD-C284-4B21-A597-4291652BDFB3}.Release|x86.Build.0 = Release|Win32
		{95637417-3256-48F0-9A3C-588B1190FAE5}.Debug|x64.ActiveCfg = Debug|x64
		{95637417-3256-48F0-9A3C-588B1190FAE5}.Debug|x64.Build.0 = Debug|x64
		{95637417-3256-48F0-9A3C-588B1190FAE5}.Debug|x86.ActiveCfg = Debug|Win32
		{95637417-3256-48F0-9A3C-588B1190FAE5}.Debug|x86.Build.0 = Debug|Win32
		{95637417-3256-48F0-9A3C-588B1190FAE5}.Release|x64.ActiveCfg = Release|x64
		{95637417-3256-48F0-9A3C-588B1190FAE5}.Release|x64.Build.0 = Release|x64
		{95637417-3256-48F0-9A3C-588B1190FAE5}.Release|x86.ActiveCfg = Release|Win32
		{95637417-3256-48F0-9A3C-588B1190FAE5}.Release|x86.Build.0 = Release|Win32
	EndGlobalSection
	GlobalSection(SolutionProperties) = preSolution
		HideSolutionNode = FALSE
	EndGlobalSection
EndGlobal
